// !$*UTF8*$!
{
	archiveVersion = 1;
	classes = {
	};
	objectVersion = 50;
	objects = {

/* Begin PBXBuildFile section */
		40C08E552205993B00FD01AE /* AppDelegate.m in Sources */ = {isa = PBXBuildFile; fileRef = 40C08E542205993B00FD01AE /* AppDelegate.m */; };
		40C08E5D2205993E00FD01AE /* Assets.xcassets in Resources */ = {isa = PBXBuildFile; fileRef = 40C08E5C2205993E00FD01AE /* Assets.xcassets */; };
		40C08E602205993E00FD01AE /* LaunchScreen.storyboard in Resources */ = {isa = PBXBuildFile; fileRef = 40C08E5E2205993E00FD01AE /* LaunchScreen.storyboard */; };
		40C08E632205993E00FD01AE /* main.m in Sources */ = {isa = PBXBuildFile; fileRef = 40C08E622205993E00FD01AE /* main.m */; };
		40C08E72220599BE00FD01AE /* ViewController.m in Sources */ = {isa = PBXBuildFile; fileRef = 40C08E6E220599BD00FD01AE /* ViewController.m */; };
		40C08E75220599D800FD01AE /* Main.storyboard in Resources */ = {isa = PBXBuildFile; fileRef = 40C08E73220599D800FD01AE /* Main.storyboard */; };
		40C08EC622059D4C00FD01AE /* nodle.framework in Frameworks */ = {isa = PBXBuildFile; fileRef = 40C08EC122059D2800FD01AE /* nodle.framework */; };
		40C08EC722059D4C00FD01AE /* nodle.framework in Embed Frameworks */ = {isa = PBXBuildFile; fileRef = 40C08EC122059D2800FD01AE /* nodle.framework */; settings = {ATTRIBUTES = (CodeSignOnCopy, RemoveHeadersOnCopy, ); }; };
/* End PBXBuildFile section */

/* Begin PBXContainerItemProxy section */
		40C08EC022059D2800FD01AE /* PBXContainerItemProxy */ = {
			isa = PBXContainerItemProxy;
			containerPortal = 40C08EBB22059D2800FD01AE /* nodle.xcodeproj */;
			proxyType = 2;
			remoteGlobalIDString = 405038E821FC814A005B1585;
			remoteInfo = nodle;
		};
		40C08EC222059D2800FD01AE /* PBXContainerItemProxy */ = {
			isa = PBXContainerItemProxy;
			containerPortal = 40C08EBB22059D2800FD01AE /* nodle.xcodeproj */;
			proxyType = 2;
			remoteGlobalIDString = 405038F121FC814A005B1585;
			remoteInfo = nodleTests;
		};
		40C08EC422059D3300FD01AE /* PBXContainerItemProxy */ = {
			isa = PBXContainerItemProxy;
			containerPortal = 40C08EBB22059D2800FD01AE /* nodle.xcodeproj */;
			proxyType = 1;
			remoteGlobalIDString = 405038E721FC814A005B1585;
			remoteInfo = nodle;
		};
		40C08EC822059D4C00FD01AE /* PBXContainerItemProxy */ = {
			isa = PBXContainerItemProxy;
			containerPortal = 40C08EBB22059D2800FD01AE /* nodle.xcodeproj */;
			proxyType = 1;
			remoteGlobalIDString = 405038E721FC814A005B1585;
			remoteInfo = nodle;
		};
/* End PBXContainerItemProxy section */

/* Begin PBXCopyFilesBuildPhase section */
		40C08ECA22059D4C00FD01AE /* Embed Frameworks */ = {
			isa = PBXCopyFilesBuildPhase;
			buildActionMask = 2147483647;
			dstPath = "";
			dstSubfolderSpec = 10;
			files = (
				40C08EC722059D4C00FD01AE /* nodle.framework in Embed Frameworks */,
			);
			name = "Embed Frameworks";
			runOnlyForDeploymentPostprocessing = 0;
		};
/* End PBXCopyFilesBuildPhase section */

/* Begin PBXFileReference section */
		40C08E502205993B00FD01AE /* nodle-demo-objc.app */ = {isa = PBXFileReference; explicitFileType = wrapper.application; includeInIndex = 0; path = "nodle-demo-objc.app"; sourceTree = BUILT_PRODUCTS_DIR; };
		40C08E532205993B00FD01AE /* AppDelegate.h */ = {isa = PBXFileReference; lastKnownFileType = sourcecode.c.h; path = AppDelegate.h; sourceTree = "<group>"; };
		40C08E542205993B00FD01AE /* AppDelegate.m */ = {isa = PBXFileReference; lastKnownFileType = sourcecode.c.objc; path = AppDelegate.m; sourceTree = "<group>"; };
		40C08E5C2205993E00FD01AE /* Assets.xcassets */ = {isa = PBXFileReference; lastKnownFileType = folder.assetcatalog; path = Assets.xcassets; sourceTree = "<group>"; };
		40C08E5F2205993E00FD01AE /* Base */ = {isa = PBXFileReference; lastKnownFileType = file.storyboard; name = Base; path = Base.lproj/LaunchScreen.storyboard; sourceTree = "<group>"; };
		40C08E612205993E00FD01AE /* Info.plist */ = {isa = PBXFileReference; lastKnownFileType = text.plist.xml; path = Info.plist; sourceTree = "<group>"; };
		40C08E622205993E00FD01AE /* main.m */ = {isa = PBXFileReference; lastKnownFileType = sourcecode.c.objc; path = main.m; sourceTree = "<group>"; };
		40C08E6E220599BD00FD01AE /* ViewController.m */ = {isa = PBXFileReference; fileEncoding = 4; lastKnownFileType = sourcecode.c.objc; path = ViewController.m; sourceTree = "<group>"; };
		40C08E6F220599BE00FD01AE /* ViewController.h */ = {isa = PBXFileReference; fileEncoding = 4; lastKnownFileType = sourcecode.c.h; path = ViewController.h; sourceTree = "<group>"; };
		40C08E74220599D800FD01AE /* Base */ = {isa = PBXFileReference; lastKnownFileType = file.storyboard; name = Base; path = Base.lproj/Main.storyboard; sourceTree = "<group>"; };
		40C08EBB22059D2800FD01AE /* nodle.xcodeproj */ = {isa = PBXFileReference; lastKnownFileType = "wrapper.pb-project"; name = nodle.xcodeproj; path = nodle/nodle.xcodeproj; sourceTree = "<group>"; };
/* End PBXFileReference section */

/* Begin PBXFrameworksBuildPhase section */
		40C08E4D2205993B00FD01AE /* Frameworks */ = {
			isa = PBXFrameworksBuildPhase;
			buildActionMask = 2147483647;
			files = (
				40C08EC622059D4C00FD01AE /* nodle.framework in Frameworks */,
			);
			runOnlyForDeploymentPostprocessing = 0;
		};
/* End PBXFrameworksBuildPhase section */

/* Begin PBXGroup section */
		40C08E472205993B00FD01AE = {
			isa = PBXGroup;
			children = (
				40C08E522205993B00FD01AE /* nodle-demo-objc */,
				40C08EBA22059D1700FD01AE /* Frameworks */,
				40C08E512205993B00FD01AE /* Products */,
			);
			sourceTree = "<group>";
		};
		40C08E512205993B00FD01AE /* Products */ = {
			isa = PBXGroup;
			children = (
				40C08E502205993B00FD01AE /* nodle-demo-objc.app */,
			);
			name = Products;
			sourceTree = "<group>";
		};
		40C08E522205993B00FD01AE /* nodle-demo-objc */ = {
			isa = PBXGroup;
			children = (
				40C08E73220599D800FD01AE /* Main.storyboard */,
				40C08E6F220599BE00FD01AE /* ViewController.h */,
				40C08E6E220599BD00FD01AE /* ViewController.m */,
				40C08E532205993B00FD01AE /* AppDelegate.h */,
				40C08E542205993B00FD01AE /* AppDelegate.m */,
				40C08E5C2205993E00FD01AE /* Assets.xcassets */,
				40C08E5E2205993E00FD01AE /* LaunchScreen.storyboard */,
				40C08E612205993E00FD01AE /* Info.plist */,
				40C08E622205993E00FD01AE /* main.m */,
			);
			path = "nodle-demo-objc";
			sourceTree = "<group>";
		};
		40C08EBA22059D1700FD01AE /* Frameworks */ = {
			isa = PBXGroup;
			children = (
				40C08EBB22059D2800FD01AE /* nodle.xcodeproj */,
			);
			name = Frameworks;
			sourceTree = "<group>";
		};
		40C08EBC22059D2800FD01AE /* Products */ = {
			isa = PBXGroup;
			children = (
				40C08EC122059D2800FD01AE /* nodle.framework */,
				40C08EC322059D2800FD01AE /* nodleTests.xctest */,
			);
			name = Products;
			sourceTree = "<group>";
		};
/* End PBXGroup section */

/* Begin PBXNativeTarget section */
		40C08E4F2205993B00FD01AE /* nodle-demo-objc */ = {
			isa = PBXNativeTarget;
			buildConfigurationList = 40C08E662205993E00FD01AE /* Build configuration list for PBXNativeTarget "nodle-demo-objc" */;
			buildPhases = (
				40C08E4C2205993B00FD01AE /* Sources */,
				40C08E4D2205993B00FD01AE /* Frameworks */,
				40C08E4E2205993B00FD01AE /* Resources */,
				40C08ECA22059D4C00FD01AE /* Embed Frameworks */,
			);
			buildRules = (
			);
			dependencies = (
				40C08EC522059D3300FD01AE /* PBXTargetDependency */,
				40C08EC922059D4C00FD01AE /* PBXTargetDependency */,
			);
			name = "nodle-demo-objc";
			productName = "nodle-demo-objc";
			productReference = 40C08E502205993B00FD01AE /* nodle-demo-objc.app */;
			productType = "com.apple.product-type.application";
		};
/* End PBXNativeTarget section */

/* Begin PBXProject section */
		40C08E482205993B00FD01AE /* Project object */ = {
			isa = PBXProject;
			attributes = {
				LastUpgradeCheck = 1010;
				ORGANIZATIONNAME = "Mikael Sundström";
				TargetAttributes = {
					40C08E4F2205993B00FD01AE = {
						CreatedOnToolsVersion = 10.1;
					};
				};
			};
			buildConfigurationList = 40C08E4B2205993B00FD01AE /* Build configuration list for PBXProject "nodle-demo-objc" */;
			compatibilityVersion = "Xcode 9.3";
			developmentRegion = en;
			hasScannedForEncodings = 0;
			knownRegions = (
				en,
				Base,
			);
			mainGroup = 40C08E472205993B00FD01AE;
			productRefGroup = 40C08E512205993B00FD01AE /* Products */;
			projectDirPath = "";
			projectReferences = (
				{
					ProductGroup = 40C08EBC22059D2800FD01AE /* Products */;
					ProjectRef = 40C08EBB22059D2800FD01AE /* nodle.xcodeproj */;
				},
			);
			projectRoot = "";
			targets = (
				40C08E4F2205993B00FD01AE /* nodle-demo-objc */,
			);
		};
/* End PBXProject section */

/* Begin PBXReferenceProxy section */
		40C08EC122059D2800FD01AE /* nodle.framework */ = {
			isa = PBXReferenceProxy;
			fileType = wrapper.framework;
			path = nodle.framework;
			remoteRef = 40C08EC022059D2800FD01AE /* PBXContainerItemProxy */;
			sourceTree = BUILT_PRODUCTS_DIR;
		};
		40C08EC322059D2800FD01AE /* nodleTests.xctest */ = {
			isa = PBXReferenceProxy;
			fileType = wrapper.cfbundle;
			path = nodleTests.xctest;
			remoteRef = 40C08EC222059D2800FD01AE /* PBXContainerItemProxy */;
			sourceTree = BUILT_PRODUCTS_DIR;
		};
/* End PBXReferenceProxy section */

/* Begin PBXResourcesBuildPhase section */
		40C08E4E2205993B00FD01AE /* Resources */ = {
			isa = PBXResourcesBuildPhase;
			buildActionMask = 2147483647;
			files = (
				40C08E75220599D800FD01AE /* Main.storyboard in Resources */,
				40C08E602205993E00FD01AE /* LaunchScreen.storyboard in Resources */,
				40C08E5D2205993E00FD01AE /* Assets.xcassets in Resources */,
			);
			runOnlyForDeploymentPostprocessing = 0;
		};
/* End PBXResourcesBuildPhase section */

/* Begin PBXSourcesBuildPhase section */
		40C08E4C2205993B00FD01AE /* Sources */ = {
			isa = PBXSourcesBuildPhase;
			buildActionMask = 2147483647;
			files = (
				40C08E72220599BE00FD01AE /* ViewController.m in Sources */,
				40C08E632205993E00FD01AE /* main.m in Sources */,
				40C08E552205993B00FD01AE /* AppDelegate.m in Sources */,
			);
			runOnlyForDeploymentPostprocessing = 0;
		};
/* End PBXSourcesBuildPhase section */

/* Begin PBXTargetDependency section */
		40C08EC522059D3300FD01AE /* PBXTargetDependency */ = {
			isa = PBXTargetDependency;
			name = nodle;
			targetProxy = 40C08EC422059D3300FD01AE /* PBXContainerItemProxy */;
		};
		40C08EC922059D4C00FD01AE /* PBXTargetDependency */ = {
			isa = PBXTargetDependency;
			name = nodle;
			targetProxy = 40C08EC822059D4C00FD01AE /* PBXContainerItemProxy */;
		};
/* End PBXTargetDependency section */

/* Begin PBXVariantGroup section */
		40C08E5E2205993E00FD01AE /* LaunchScreen.storyboard */ = {
			isa = PBXVariantGroup;
			children = (
				40C08E5F2205993E00FD01AE /* Base */,
			);
			name = LaunchScreen.storyboard;
			sourceTree = "<group>";
		};
		40C08E73220599D800FD01AE /* Main.storyboard */ = {
			isa = PBXVariantGroup;
			children = (
				40C08E74220599D800FD01AE /* Base */,
			);
			name = Main.storyboard;
			sourceTree = "<group>";
		};
/* End PBXVariantGroup section */

/* Begin XCBuildConfiguration section */
		40C08E642205993E00FD01AE /* Debug */ = {
			isa = XCBuildConfiguration;
			buildSettings = {
				ALWAYS_SEARCH_USER_PATHS = NO;
				CLANG_ANALYZER_NONNULL = YES;
				CLANG_ANALYZER_NUMBER_OBJECT_CONVERSION = YES_AGGRESSIVE;
				CLANG_CXX_LANGUAGE_STANDARD = "gnu++14";
				CLANG_CXX_LIBRARY = "libc++";
				CLANG_ENABLE_MODULES = YES;
				CLANG_ENABLE_OBJC_ARC = YES;
				CLANG_ENABLE_OBJC_WEAK = YES;
				CLANG_WARN_BLOCK_CAPTURE_AUTORELEASING = YES;
				CLANG_WARN_BOOL_CONVERSION = YES;
				CLANG_WARN_COMMA = YES;
				CLANG_WARN_CONSTANT_CONVERSION = YES;
				CLANG_WARN_DEPRECATED_OBJC_IMPLEMENTATIONS = YES;
				CLANG_WARN_DIRECT_OBJC_ISA_USAGE = YES_ERROR;
				CLANG_WARN_DOCUMENTATION_COMMENTS = YES;
				CLANG_WARN_EMPTY_BODY = YES;
				CLANG_WARN_ENUM_CONVERSION = YES;
				CLANG_WARN_INFINITE_RECURSION = YES;
				CLANG_WARN_INT_CONVERSION = YES;
				CLANG_WARN_NON_LITERAL_NULL_CONVERSION = YES;
				CLANG_WARN_OBJC_IMPLICIT_RETAIN_SELF = YES;
				CLANG_WARN_OBJC_LITERAL_CONVERSION = YES;
				CLANG_WARN_OBJC_ROOT_CLASS = YES_ERROR;
				CLANG_WARN_RANGE_LOOP_ANALYSIS = YES;
				CLANG_WARN_STRICT_PROTOTYPES = YES;
				CLANG_WARN_SUSPICIOUS_MOVE = YES;
				CLANG_WARN_UNGUARDED_AVAILABILITY = YES_AGGRESSIVE;
				CLANG_WARN_UNREACHABLE_CODE = YES;
				CLANG_WARN__DUPLICATE_METHOD_MATCH = YES;
				CODE_SIGN_IDENTITY = "iPhone Developer";
				COPY_PHASE_STRIP = NO;
				DEBUG_INFORMATION_FORMAT = dwarf;
				ENABLE_STRICT_OBJC_MSGSEND = YES;
				ENABLE_TESTABILITY = YES;
				GCC_C_LANGUAGE_STANDARD = gnu11;
				GCC_DYNAMIC_NO_PIC = NO;
				GCC_NO_COMMON_BLOCKS = YES;
				GCC_OPTIMIZATION_LEVEL = 0;
				GCC_PREPROCESSOR_DEFINITIONS = (
					"DEBUG=1",
					"$(inherited)",
				);
				GCC_WARN_64_TO_32_BIT_CONVERSION = YES;
				GCC_WARN_ABOUT_RETURN_TYPE = YES_ERROR;
				GCC_WARN_UNDECLARED_SELECTOR = YES;
				GCC_WARN_UNINITIALIZED_AUTOS = YES_AGGRESSIVE;
				GCC_WARN_UNUSED_FUNCTION = YES;
				GCC_WARN_UNUSED_VARIABLE = YES;
				IPHONEOS_DEPLOYMENT_TARGET = 12.1;
				MTL_ENABLE_DEBUG_INFO = INCLUDE_SOURCE;
				MTL_FAST_MATH = YES;
				ONLY_ACTIVE_ARCH = YES;
				SDKROOT = iphoneos;
			};
			name = Debug;
		};
		40C08E652205993E00FD01AE /* Release */ = {
			isa = XCBuildConfiguration;
			buildSettings = {
				ALWAYS_SEARCH_USER_PATHS = NO;
				CLANG_ANALYZER_NONNULL = YES;
				CLANG_ANALYZER_NUMBER_OBJECT_CONVERSION = YES_AGGRESSIVE;
				CLANG_CXX_LANGUAGE_STANDARD = "gnu++14";
				CLANG_CXX_LIBRARY = "libc++";
				CLANG_ENABLE_MODULES = YES;
				CLANG_ENABLE_OBJC_ARC = YES;
				CLANG_ENABLE_OBJC_WEAK = YES;
				CLANG_WARN_BLOCK_CAPTURE_AUTORELEASING = YES;
				CLANG_WARN_BOOL_CONVERSION = YES;
				CLANG_WARN_COMMA = YES;
				CLANG_WARN_CONSTANT_CONVERSION = YES;
				CLANG_WARN_DEPRECATED_OBJC_IMPLEMENTATIONS = YES;
				CLANG_WARN_DIRECT_OBJC_ISA_USAGE = YES_ERROR;
				CLANG_WARN_DOCUMENTATION_COMMENTS = YES;
				CLANG_WARN_EMPTY_BODY = YES;
				CLANG_WARN_ENUM_CONVERSION = YES;
				CLANG_WARN_INFINITE_RECURSION = YES;
				CLANG_WARN_INT_CONVERSION = YES;
				CLANG_WARN_NON_LITERAL_NULL_CONVERSION = YES;
				CLANG_WARN_OBJC_IMPLICIT_RETAIN_SELF = YES;
				CLANG_WARN_OBJC_LITERAL_CONVERSION = YES;
				CLANG_WARN_OBJC_ROOT_CLASS = YES_ERROR;
				CLANG_WARN_RANGE_LOOP_ANALYSIS = YES;
				CLANG_WARN_STRICT_PROTOTYPES = YES;
				CLANG_WARN_SUSPICIOUS_MOVE = YES;
				CLANG_WARN_UNGUARDED_AVAILABILITY = YES_AGGRESSIVE;
				CLANG_WARN_UNREACHABLE_CODE = YES;
				CLANG_WARN__DUPLICATE_METHOD_MATCH = YES;
				CODE_SIGN_IDENTITY = "iPhone Developer";
				COPY_PHASE_STRIP = NO;
				DEBUG_INFORMATION_FORMAT = "dwarf-with-dsym";
				ENABLE_NS_ASSERTIONS = NO;
				ENABLE_STRICT_OBJC_MSGSEND = YES;
				GCC_C_LANGUAGE_STANDARD = gnu11;
				GCC_NO_COMMON_BLOCKS = YES;
				GCC_WARN_64_TO_32_BIT_CONVERSION = YES;
				GCC_WARN_ABOUT_RETURN_TYPE = YES_ERROR;
				GCC_WARN_UNDECLARED_SELECTOR = YES;
				GCC_WARN_UNINITIALIZED_AUTOS = YES_AGGRESSIVE;
				GCC_WARN_UNUSED_FUNCTION = YES;
				GCC_WARN_UNUSED_VARIABLE = YES;
				IPHONEOS_DEPLOYMENT_TARGET = 12.1;
				MTL_ENABLE_DEBUG_INFO = NO;
				MTL_FAST_MATH = YES;
				SDKROOT = iphoneos;
				VALIDATE_PRODUCT = YES;
			};
			name = Release;
		};
		40C08E672205993E00FD01AE /* Debug */ = {
			isa = XCBuildConfiguration;
			buildSettings = {
				ASSETCATALOG_COMPILER_APPICON_NAME = AppIcon;
				CODE_SIGN_STYLE = Automatic;
				DEVELOPMENT_TEAM = UR3JNX8K6N;
				INFOPLIST_FILE = "nodle-demo-objc/Info.plist";
				LD_RUNPATH_SEARCH_PATHS = (
					"$(inherited)",
					"@executable_path/Frameworks",
				);
				PRODUCT_BUNDLE_IDENTIFIER = "msundstrom.nodle-demo-objc";
				PRODUCT_NAME = "$(TARGET_NAME)";
				TARGETED_DEVICE_FAMILY = "1,2";
			};
			name = Debug;
		};
		40C08E682205993E00FD01AE /* Release */ = {
			isa = XCBuildConfiguration;
			buildSettings = {
				ASSETCATALOG_COMPILER_APPICON_NAME = AppIcon;
				CODE_SIGN_STYLE = Automatic;
				DEVELOPMENT_TEAM = UR3JNX8K6N;
				INFOPLIST_FILE = "nodle-demo-objc/Info.plist";
				LD_RUNPATH_SEARCH_PATHS = (
					"$(inherited)",
					"@executable_path/Frameworks",
				);
				PRODUCT_BUNDLE_IDENTIFIER = "msundstrom.nodle-demo-objc";
				PRODUCT_NAME = "$(TARGET_NAME)";
				TARGETED_DEVICE_FAMILY = "1,2";
			};
			name = Release;
		};
/* End XCBuildConfiguration section */

/* Begin XCConfigurationList section */
		40C08E4B2205993B00FD01AE /* Build configuration list for PBXProject "nodle-demo-objc" */ = {
			isa = XCConfigurationList;
			buildConfigurations = (
				40C08E642205993E00FD01AE /* Debug */,
				40C08E652205993E00FD01AE /* Release */,
			);
			defaultConfigurationIsVisible = 0;
			defaultConfigurationName = Release;
		};
		40C08E662205993E00FD01AE /* Build configuration list for PBXNativeTarget "nodle-demo-objc" */ = {
			isa = XCConfigurationList;
			buildConfigurations = (
				40C08E672205993E00FD01AE /* Debug */,
				40C08E682205993E00FD01AE /* Release */,
			);
			defaultConfigurationIsVisible = 0;
			defaultConfigurationName = Release;
		};
/* End XCConfigurationList section */
	};
	rootObject = 40C08E482205993B00FD01AE /* Project object */;
}
